
Microsoft Visual Studio Solution File, Format Version 12.00
# Visual Studio Version 17
VisualStudioVersion = 17.5.002.0
MinimumVisualStudioVersion = 10.0.40219.1
Project("{2150E333-8FDC-42A3-9474-1A3956D46DE8}") = "src", "src", "{67BF7A00-A07E-4685-B977-007AE8B3BEDE}"
EndProject
Project("{9A19103F-16F7-4668-BE54-9A1E7A4F7556}") = "ChatAppUI", "src\ChatAppUI\ChatAppUI.csproj", "{34716655-DEDE-4061-8D75-FAC2B90C0FAF}"
EndProject
Global
	GlobalSection(SolutionConfigurationPlatforms) = preSolution
		Debug|Any CPU = Debug|Any CPU
		Release|Any CPU = Release|Any CPU
	EndGlobalSection
	GlobalSection(ProjectConfigurationPlatforms) = postSolution
		{34716655-DEDE-4061-8D75-FAC2B90C0FAF}.Debug|Any CPU.ActiveCfg = Debug|Any CPU
		{34716655-DEDE-4061-8D75-FAC2B90C0FAF}.Debug|Any CPU.Build.0 = Debug|Any CPU
		{34716655-DEDE-4061-8D75-FAC2B90C0FAF}.Release|Any CPU.ActiveCfg = Release|Any CPU
		{34716655-DEDE-4061-8D75-FAC2B90C0FAF}.Release|Any CPU.Build.0 = Release|Any CPU
	EndGlobalSection
	GlobalSection(SolutionProperties) = preSolution
		HideSolutionNode = FALSE
	EndGlobalSection
	GlobalSection(NestedProjects) = preSolution
		{34716655-DEDE-4061-8D75-FAC2B90C0FAF} = {67BF7A00-A07E-4685-B977-007AE8B3BEDE}
	EndGlobalSection
	GlobalSection(ExtensibilityGlobals) = postSolution
		SolutionGuid = {C3424898-FBB7-4A50-8D00-68F204CF7A97}
	EndGlobalSection
EndGlobal
